{
  "name": "whatsbot-dplay",
  "version": "1.0.0",
  "lockfileVersion": 3,
  "requires": true,
  "packages": {
    "": {
      "name": "whatsbot-dplay",
      "version": "1.0.0",
      "dependencies": {
        "axios": "^1.12.2",
        "dotenv": "^16.6.1",
        "express": "^4.21.2",
        "fs": "^0.0.1-security",
        "path": "^0.12.7",
        "pdfkit": "^0.17.2",
        "qrcode-terminal": "^0.12.0",
        "whatsapp-web.js": "github:pedroslopez/whatsapp-web.js#main"
      }
    },
    "node_modules/axios": {
      "version": "1.12.2",
      "resolved": "https://registry.npmjs.org/axios/-/axios-1.12.2.tgz",
      "integrity": "sha512-3bW3RULYQmONZzvLLoFHZ/x6W3t5RUYY3dZ0w8IupP3ZPrwDaHdTfwEhl5tL0aACXZzD3b5MloaeQuWZjP4f6A=="
    },
    "node_modules/dotenv": {
      "version": "16.6.1",
      "resolved": "https://registry.npmjs.org/dotenv/-/dotenv-16.6.1.tgz",
      "integrity": "sha512-ZHqOGofn6yrm1a6xgJpuMRgV3uTUI1fiFtQTRR7vhyXxTvQKuBi0VZ7kTocYoFPsmPjd9W8Fq2HkFczE4Axsxg=="
    },
    "node_modules/express": {
      "version": "4.21.2",
      "resolved": "https://registry.npmjs.org/express/-/express-4.21.2.tgz",
      "integrity": "sha512-5F1gkFcfZWspwR+f4cHCx29X2IvhjSPsHzq2T2PoVUIbzkv1B0v9QDHQ2A9pqIoTvq5Q4Ih1sV2tWkI1WnV0iA=="
    },
    "node_modules/fs": {
      "version": "0.0.1-security",
      "resolved": "https://registry.npmjs.org/fs/-/fs-0.0.1-security.tgz",
      "integrity": "sha512-3I/Whsy1VdXpgwxpA7iTqV6jleRRVLRsyrj0Gg4t95mM1iSABe1GrlNqAB/zIRaxZqzKdr/l3IYqzKJvZV3q4A=="
    },
    "node_modules/path": {
      "version": "0.12.7",
      "resolved": "https://registry.npmjs.org/path/-/path-0.12.7.tgz",
      "integrity": "sha512-aXXC2Pq6S6jB7TPvLSp7z8E7DiPnTP/9ZpzjECKFrx9yOel4lZ8pQk8kzK+cRtJd4Fj4H7Xw5mPXYcGcUfNn/Q=="
    },
    "node_modules/pdfkit": {
      "version": "0.17.2",
      "resolved": "https://registry.npmjs.org/pdfkit/-/pdfkit-0.17.2.tgz",
      "integrity": "sha512-0xhC3+yDpBujqng1bD3v4h36C2JXQ3p6ViPYm7HiPSzu3K8PP4ZrYMM9XzZrQi6E8guy8ml91QfUqv+TLATQ1Q=="
    },
    "node_modules/qrcode-terminal": {
      "version": "0.12.0",
      "resolved": "https://registry.npmjs.org/qrcode-terminal/-/qrcode-terminal-0.12.0.tgz",
      "integrity": "sha512-vCHWTr1P3x8x6CQ1EJYtCkTqAG7TTxr8iWqszVozJb7V4CHC5L+8ZZ0pAFN5wGBfKWiZbzC6UQvxUYZij8qlow=="
    },
    "node_modules/whatsapp-web.js": {
      "version": "1.23.0",
      "resolved": "https://github.com/pedroslopez/whatsapp-web.js.git#main",
      "from": "github:pedroslopez/whatsapp-web.js#main"
    }
  },
  "dependencies": {
    "axios": {
      "version": "1.12.2",
      "resolved": "https://registry.npmjs.org/axios/-/axios-1.12.2.tgz",
      "integrity": "sha512-3bW3RULYQmONZzvLLoFHZ/x6W3t5RUYY3dZ0w8IupP3ZPrwDaHdTfwEhl5tL0aACXZzD3b5MloaeQuWZjP4f6A=="
    },
    "dotenv": {
      "version": "16.6.1",
      "resolved": "https://registry.npmjs.org/dotenv/-/dotenv-16.6.1.tgz",
      "integrity": "sha512-ZHqOGofn6yrm1a6xgJpuMRgV3uTUI1fiFtQTRR7vhyXxTvQKuBi0VZ7kTocYoFPsmPjd9W8Fq2HkFczE4Axsxg=="
    },
    "express": {
      "version": "4.21.2",
      "resolved": "https://registry.npmjs.org/express/-/express-4.21.2.tgz",
      "integrity": "sha512-5F1gkFcfZWspwR+f4cHCx29X2IvhjSPsHzq2T2PoVUIbzkv1B0v9QDHQ2A9pqIoTvq5Q4Ih1sV2tWkI1WnV0iA=="
    },
    "fs": {
      "version": "0.0.1-security",
      "resolved": "https://registry.npmjs.org/fs/-/fs-0.0.1-security.tgz",
      "integrity": "sha512-3I/Whsy1VdXpgwxpA7iTqV6jleRRVLRsyrj0Gg4t95mM1iSABe1GrlNqAB/zIRaxZqzKdr/l3IYqzKJvZV3q4A=="
    },
    "path": {
      "version": "0.12.7",
      "resolved": "https://registry.npmjs.org/path/-/path-0.12.7.tgz",
      "integrity": "sha512-aXXC2Pq6S6jB7TPvLSp7z8E7DiPnTP/9ZpzjECKFrx9yOel4lZ8pQk8kzK+cRtJd4Fj4H7Xw5mPXYcGcUfNn/Q=="
    },
    "pdfkit": {
      "version": "0.17.2",
      "resolved": "https://registry.npmjs.org/pdfkit/-/pdfkit-0.17.2.tgz",
      "integrity": "sha512-0xhC3+yDpBujqng1bD3v4h36C2JXQ3p6ViPYm7HiPSzu3K8PP4ZrYMM9XzZrQi6E8guy8ml91QfUqv+TLATQ1Q=="
    },
    "qrcode-terminal": {
      "version": "0.12.0",
      "resolved": "https://registry.npmjs.org/qrcode-terminal/-/qrcode-terminal-0.12.0.tgz",
      "integrity": "sha512-vCHWTr1P3x8x6CQ1EJYtCkTqAG7TTxr8iWqszVozJb7V4CHC5L+8ZZ0pAFN5wGBfKWiZbzC6UQvxUYZij8qlow=="
    },
    "whatsapp-web.js": {
      "version": "github:pedroslopez/whatsapp-web.js#main",
      "from": "github:pedroslopez/whatsapp-web.js#main"
    }
  }
}
